<?xml version="1.0" encoding="utf-8"?>
<Project ToolsVersion="17.0" xmlns="http://schemas.microsoft.com/developer/msbuild/2003">
  <ItemGroup>
    <CustomBuild Include="C:\Users\cooln\Downloads\Vidcrypt-main\Vidcrypt-main\build_cuda\CMakeFiles\56ee4b001477f2a8d951cf80c04d8724\INSTALL_force.rule">
      <Filter>CMake Rules</Filter>
    </CustomBuild>
  </ItemGroup>
  <ItemGroup>
    <Filter Include="CMake Rules">
      <UniqueIdentifier>{847280A8-3694-38A3-BDD6-584987BE2DC3}</UniqueIdentifier>
    </Filter>
  </ItemGroup>
</Project>
