<?xml version="1.0" encoding="utf-8"?>
<Project ToolsVersion="17.0" xmlns="http://schemas.microsoft.com/developer/msbuild/2003">
  <ItemGroup>
    <ClCompile Include="C:\Users\cooln\Downloads\Vidcrypt-main\Vidcrypt-main\src\backend.c">
      <Filter>Source Files</Filter>
    </ClCompile>
    <ClCompile Include="C:\Users\cooln\Downloads\Vidcrypt-main\Vidcrypt-main\src\crc16.c">
      <Filter>Source Files</Filter>
    </ClCompile>
    <ClCompile Include="C:\Users\cooln\Downloads\Vidcrypt-main\Vidcrypt-main\src\bitstream.c">
      <Filter>Source Files</Filter>
    </ClCompile>
    <ClCompile Include="C:\Users\cooln\Downloads\Vidcrypt-main\Vidcrypt-main\src\calibration.c">
      <Filter>Source Files</Filter>
    </ClCompile>
    <ClCompile Include="C:\Users\cooln\Downloads\Vidcrypt-main\Vidcrypt-main\src\reedsolomon.c">
      <Filter>Source Files</Filter>
    </ClCompile>
    <ClCompile Include="C:\Users\cooln\Downloads\Vidcrypt-main\Vidcrypt-main\src\simd_decode.c">
      <Filter>Source Files</Filter>
    </ClCompile>
    <ClCompile Include="C:\Users\cooln\Downloads\Vidcrypt-main\Vidcrypt-main\src\framegen.c">
      <Filter>Source Files</Filter>
    </ClCompile>
    <ClCompile Include="C:\Users\cooln\Downloads\Vidcrypt-main\Vidcrypt-main\src\framedecode.c">
      <Filter>Source Files</Filter>
    </ClCompile>
    <ClCompile Include="C:\Users\cooln\Downloads\Vidcrypt-main\Vidcrypt-main\src\threadpool.c">
      <Filter>Source Files</Filter>
    </ClCompile>
    <ClCompile Include="C:\Users\cooln\Downloads\Vidcrypt-main\Vidcrypt-main\src\encoder.c">
      <Filter>Source Files</Filter>
    </ClCompile>
    <ClCompile Include="C:\Users\cooln\Downloads\Vidcrypt-main\Vidcrypt-main\src\decoder.c">
      <Filter>Source Files</Filter>
    </ClCompile>
    <ClCompile Include="C:\Users\cooln\Downloads\Vidcrypt-main\Vidcrypt-main\src\sha256.c">
      <Filter>Source Files</Filter>
    </ClCompile>
    <ClCompile Include="C:\Users\cooln\Downloads\Vidcrypt-main\Vidcrypt-main\src\ffmpeg_pipe.c">
      <Filter>Source Files</Filter>
    </ClCompile>
    <ClCompile Include="C:\Users\cooln\Downloads\Vidcrypt-main\Vidcrypt-main\src\profiling.c">
      <Filter>Source Files</Filter>
    </ClCompile>
    <ClCompile Include="C:\Users\cooln\Downloads\Vidcrypt-main\Vidcrypt-main\src\logutil.c">
      <Filter>Source Files</Filter>
    </ClCompile>
    <ClCompile Include="C:\Users\cooln\Downloads\Vidcrypt-main\Vidcrypt-main\src\gpu_backend.c">
      <Filter>Source Files</Filter>
    </ClCompile>
    <ClCompile Include="C:\Users\cooln\Downloads\Vidcrypt-main\Vidcrypt-main\src\libav_decoder.c">
      <Filter>Source Files</Filter>
    </ClCompile>
    <ClCompile Include="C:\Users\cooln\Downloads\Vidcrypt-main\Vidcrypt-main\src\gpu_presets.c">
      <Filter>Source Files</Filter>
    </ClCompile>
    <ClCompile Include="C:\Users\cooln\Downloads\Vidcrypt-main\Vidcrypt-main\src\gpu_nvenc.c">
      <Filter>Source Files</Filter>
    </ClCompile>
    <ClCompile Include="C:\Users\cooln\Downloads\Vidcrypt-main\Vidcrypt-main\src\ffmpeg_hwdecoder.c">
      <Filter>Source Files</Filter>
    </ClCompile>
  </ItemGroup>
  <ItemGroup>
    <CudaCompile Include="..\src\gpu_kernels.cu">
      <Filter>Source Files</Filter>
    </CudaCompile>
  </ItemGroup>
  <ItemGroup>
    <CustomBuild Include="C:\Users\cooln\Downloads\Vidcrypt-main\Vidcrypt-main\CMakeLists.txt" />
  </ItemGroup>
  <ItemGroup>
    <Filter Include="Source Files">
      <UniqueIdentifier>{B23F1AE5-6C1D-374E-A065-769F6F32C85E}</UniqueIdentifier>
    </Filter>
  </ItemGroup>
</Project>
