
Microsoft Visual Studio Solution File, Format Version 12.00
# Visual Studio Version 17
Project("{8BC9CEB8-8B4A-11D0-8D11-00A0C91BC942}") = "ALL_BUILD", "ALL_BUILD.vcxproj", "{01648A0C-CF48-3713-8D5E-4993B7DCF316}"
	ProjectSection(ProjectDependencies) = postProject
		{64E2D28A-C55B-30B2-8B3E-714905793439} = {64E2D28A-C55B-30B2-8B3E-714905793439}
		{DA25E365-7AAB-3D96-926C-52CCD6D7AE2B} = {DA25E365-7AAB-3D96-926C-52CCD6D7AE2B}
		{ED2BE6F7-244A-3C71-ACD3-F79554DF9479} = {ED2BE6F7-244A-3C71-ACD3-F79554DF9479}
		{A3455C64-2CD0-35EF-AAC5-BE2C058FC134} = {A3455C64-2CD0-35EF-AAC5-BE2C058FC134}
		{04C2E42A-9221-3C2B-9DC4-F608CDCE1E93} = {04C2E42A-9221-3C2B-9DC4-F608CDCE1E93}
		{E03B7EF2-4B1A-3CB9-BAD2-0497FBDFE5F0} = {E03B7EF2-4B1A-3CB9-BAD2-0497FBDFE5F0}
		{07BEA4E0-48F3-3342-B4BB-2E3203E90F73} = {07BEA4E0-48F3-3342-B4BB-2E3203E90F73}
		{0E4B06C0-8C79-3723-B1F6-3A0DEDAC200C} = {0E4B06C0-8C79-3723-B1F6-3A0DEDAC200C}
	EndProjectSection
EndProject
Project("{8BC9CEB8-8B4A-11D0-8D11-00A0C91BC942}") = "INSTALL", "INSTALL.vcxproj", "{6A83B727-BA4C-3766-8F9C-758EB2BDAB83}"
	ProjectSection(ProjectDependencies) = postProject
		{01648A0C-CF48-3713-8D5E-4993B7DCF316} = {01648A0C-CF48-3713-8D5E-4993B7DCF316}
		{64E2D28A-C55B-30B2-8B3E-714905793439} = {64E2D28A-C55B-30B2-8B3E-714905793439}
	EndProjectSection
EndProject
Project("{8BC9CEB8-8B4A-11D0-8D11-00A0C91BC942}") = "RUN_TESTS", "RUN_TESTS.vcxproj", "{27615E59-DA9A-3E6A-97AA-C308C45CCCEB}"
	ProjectSection(ProjectDependencies) = postProject
		{64E2D28A-C55B-30B2-8B3E-714905793439} = {64E2D28A-C55B-30B2-8B3E-714905793439}
	EndProjectSection
EndProject
Project("{8BC9CEB8-8B4A-11D0-8D11-00A0C91BC942}") = "ZERO_CHECK", "ZERO_CHECK.vcxproj", "{64E2D28A-C55B-30B2-8B3E-714905793439}"
	ProjectSection(ProjectDependencies) = postProject
	EndProjectSection
EndProject
Project("{8BC9CEB8-8B4A-11D0-8D11-00A0C91BC942}") = "test-bitstream", "test-bitstream.vcxproj", "{DA25E365-7AAB-3D96-926C-52CCD6D7AE2B}"
	ProjectSection(ProjectDependencies) = postProject
		{64E2D28A-C55B-30B2-8B3E-714905793439} = {64E2D28A-C55B-30B2-8B3E-714905793439}
		{E03B7EF2-4B1A-3CB9-BAD2-0497FBDFE5F0} = {E03B7EF2-4B1A-3CB9-BAD2-0497FBDFE5F0}
	EndProjectSection
EndProject
Project("{8BC9CEB8-8B4A-11D0-8D11-00A0C91BC942}") = "test-crc16", "test-crc16.vcxproj", "{ED2BE6F7-244A-3C71-ACD3-F79554DF9479}"
	ProjectSection(ProjectDependencies) = postProject
		{64E2D28A-C55B-30B2-8B3E-714905793439} = {64E2D28A-C55B-30B2-8B3E-714905793439}
		{E03B7EF2-4B1A-3CB9-BAD2-0497FBDFE5F0} = {E03B7EF2-4B1A-3CB9-BAD2-0497FBDFE5F0}
	EndProjectSection
EndProject
Project("{8BC9CEB8-8B4A-11D0-8D11-00A0C91BC942}") = "test-decode", "test-decode.vcxproj", "{A3455C64-2CD0-35EF-AAC5-BE2C058FC134}"
	ProjectSection(ProjectDependencies) = postProject
		{64E2D28A-C55B-30B2-8B3E-714905793439} = {64E2D28A-C55B-30B2-8B3E-714905793439}
		{E03B7EF2-4B1A-3CB9-BAD2-0497FBDFE5F0} = {E03B7EF2-4B1A-3CB9-BAD2-0497FBDFE5F0}
	EndProjectSection
EndProject
Project("{8BC9CEB8-8B4A-11D0-8D11-00A0C91BC942}") = "test-reedsolomon", "test-reedsolomon.vcxproj", "{04C2E42A-9221-3C2B-9DC4-F608CDCE1E93}"
	ProjectSection(ProjectDependencies) = postProject
		{64E2D28A-C55B-30B2-8B3E-714905793439} = {64E2D28A-C55B-30B2-8B3E-714905793439}
		{E03B7EF2-4B1A-3CB9-BAD2-0497FBDFE5F0} = {E03B7EF2-4B1A-3CB9-BAD2-0497FBDFE5F0}
	EndProjectSection
EndProject
Project("{8BC9CEB8-8B4A-11D0-8D11-00A0C91BC942}") = "vidcrypt", "vidcrypt.vcxproj", "{E03B7EF2-4B1A-3CB9-BAD2-0497FBDFE5F0}"
	ProjectSection(ProjectDependencies) = postProject
		{64E2D28A-C55B-30B2-8B3E-714905793439} = {64E2D28A-C55B-30B2-8B3E-714905793439}
	EndProjectSection
EndProject
Project("{8BC9CEB8-8B4A-11D0-8D11-00A0C91BC942}") = "vidcrypt-decoder", "vidcrypt-decoder.vcxproj", "{07BEA4E0-48F3-3342-B4BB-2E3203E90F73}"
	ProjectSection(ProjectDependencies) = postProject
		{64E2D28A-C55B-30B2-8B3E-714905793439} = {64E2D28A-C55B-30B2-8B3E-714905793439}
		{E03B7EF2-4B1A-3CB9-BAD2-0497FBDFE5F0} = {E03B7EF2-4B1A-3CB9-BAD2-0497FBDFE5F0}
	EndProjectSection
EndProject
Project("{8BC9CEB8-8B4A-11D0-8D11-00A0C91BC942}") = "vidcrypt-encoder", "vidcrypt-encoder.vcxproj", "{0E4B06C0-8C79-3723-B1F6-3A0DEDAC200C}"
	ProjectSection(ProjectDependencies) = postProject
		{64E2D28A-C55B-30B2-8B3E-714905793439} = {64E2D28A-C55B-30B2-8B3E-714905793439}
		{E03B7EF2-4B1A-3CB9-BAD2-0497FBDFE5F0} = {E03B7EF2-4B1A-3CB9-BAD2-0497FBDFE5F0}
	EndProjectSection
EndProject
Global
	GlobalSection(SolutionConfigurationPlatforms) = preSolution
		Debug|x64 = Debug|x64
		Release|x64 = Release|x64
		MinSizeRel|x64 = MinSizeRel|x64
		RelWithDebInfo|x64 = RelWithDebInfo|x64
	EndGlobalSection
	GlobalSection(ProjectConfigurationPlatforms) = postSolution
		{01648A0C-CF48-3713-8D5E-4993B7DCF316}.Debug|x64.ActiveCfg = Debug|x64
		{01648A0C-CF48-3713-8D5E-4993B7DCF316}.Debug|x64.Build.0 = Debug|x64
		{01648A0C-CF48-3713-8D5E-4993B7DCF316}.Release|x64.ActiveCfg = Release|x64
		{01648A0C-CF48-3713-8D5E-4993B7DCF316}.Release|x64.Build.0 = Release|x64
		{01648A0C-CF48-3713-8D5E-4993B7DCF316}.MinSizeRel|x64.ActiveCfg = MinSizeRel|x64
		{01648A0C-CF48-3713-8D5E-4993B7DCF316}.MinSizeRel|x64.Build.0 = MinSizeRel|x64
		{01648A0C-CF48-3713-8D5E-4993B7DCF316}.RelWithDebInfo|x64.ActiveCfg = RelWithDebInfo|x64
		{01648A0C-CF48-3713-8D5E-4993B7DCF316}.RelWithDebInfo|x64.Build.0 = RelWithDebInfo|x64
		{6A83B727-BA4C-3766-8F9C-758EB2BDAB83}.Debug|x64.ActiveCfg = Debug|x64
		{6A83B727-BA4C-3766-8F9C-758EB2BDAB83}.Release|x64.ActiveCfg = Release|x64
		{6A83B727-BA4C-3766-8F9C-758EB2BDAB83}.MinSizeRel|x64.ActiveCfg = MinSizeRel|x64
		{6A83B727-BA4C-3766-8F9C-758EB2BDAB83}.RelWithDebInfo|x64.ActiveCfg = RelWithDebInfo|x64
		{27615E59-DA9A-3E6A-97AA-C308C45CCCEB}.Debug|x64.ActiveCfg = Debug|x64
		{27615E59-DA9A-3E6A-97AA-C308C45CCCEB}.Release|x64.ActiveCfg = Release|x64
		{27615E59-DA9A-3E6A-97AA-C308C45CCCEB}.MinSizeRel|x64.ActiveCfg = MinSizeRel|x64
		{27615E59-DA9A-3E6A-97AA-C308C45CCCEB}.RelWithDebInfo|x64.ActiveCfg = RelWithDebInfo|x64
		{64E2D28A-C55B-30B2-8B3E-714905793439}.Debug|x64.ActiveCfg = Debug|x64
		{64E2D28A-C55B-30B2-8B3E-714905793439}.Debug|x64.Build.0 = Debug|x64
		{64E2D28A-C55B-30B2-8B3E-714905793439}.Release|x64.ActiveCfg = Release|x64
		{64E2D28A-C55B-30B2-8B3E-714905793439}.Release|x64.Build.0 = Release|x64
		{64E2D28A-C55B-30B2-8B3E-714905793439}.MinSizeRel|x64.ActiveCfg = MinSizeRel|x64
		{64E2D28A-C55B-30B2-8B3E-714905793439}.MinSizeRel|x64.Build.0 = MinSizeRel|x64
		{64E2D28A-C55B-30B2-8B3E-714905793439}.RelWithDebInfo|x64.ActiveCfg = RelWithDebInfo|x64
		{64E2D28A-C55B-30B2-8B3E-714905793439}.RelWithDebInfo|x64.Build.0 = RelWithDebInfo|x64
		{DA25E365-7AAB-3D96-926C-52CCD6D7AE2B}.Debug|x64.ActiveCfg = Debug|x64
		{DA25E365-7AAB-3D96-926C-52CCD6D7AE2B}.Debug|x64.Build.0 = Debug|x64
		{DA25E365-7AAB-3D96-926C-52CCD6D7AE2B}.Release|x64.ActiveCfg = Release|x64
		{DA25E365-7AAB-3D96-926C-52CCD6D7AE2B}.Release|x64.Build.0 = Release|x64
		{DA25E365-7AAB-3D96-926C-52CCD6D7AE2B}.MinSizeRel|x64.ActiveCfg = MinSizeRel|x64
		{DA25E365-7AAB-3D96-926C-52CCD6D7AE2B}.MinSizeRel|x64.Build.0 = MinSizeRel|x64
		{DA25E365-7AAB-3D96-926C-52CCD6D7AE2B}.RelWithDebInfo|x64.ActiveCfg = RelWithDebInfo|x64
		{DA25E365-7AAB-3D96-926C-52CCD6D7AE2B}.RelWithDebInfo|x64.Build.0 = RelWithDebInfo|x64
		{ED2BE6F7-244A-3C71-ACD3-F79554DF9479}.Debug|x64.ActiveCfg = Debug|x64
		{ED2BE6F7-244A-3C71-ACD3-F79554DF9479}.Debug|x64.Build.0 = Debug|x64
		{ED2BE6F7-244A-3C71-ACD3-F79554DF9479}.Release|x64.ActiveCfg = Release|x64
		{ED2BE6F7-244A-3C71-ACD3-F79554DF9479}.Release|x64.Build.0 = Release|x64
		{ED2BE6F7-244A-3C71-ACD3-F79554DF9479}.MinSizeRel|x64.ActiveCfg = MinSizeRel|x64
		{ED2BE6F7-244A-3C71-ACD3-F79554DF9479}.MinSizeRel|x64.Build.0 = MinSizeRel|x64
		{ED2BE6F7-244A-3C71-ACD3-F79554DF9479}.RelWithDebInfo|x64.ActiveCfg = RelWithDebInfo|x64
		{ED2BE6F7-244A-3C71-ACD3-F79554DF9479}.RelWithDebInfo|x64.Build.0 = RelWithDebInfo|x64
		{A3455C64-2CD0-35EF-AAC5-BE2C058FC134}.Debug|x64.ActiveCfg = Debug|x64
		{A3455C64-2CD0-35EF-AAC5-BE2C058FC134}.Debug|x64.Build.0 = Debug|x64
		{A3455C64-2CD0-35EF-AAC5-BE2C058FC134}.Release|x64.ActiveCfg = Release|x64
		{A3455C64-2CD0-35EF-AAC5-BE2C058FC134}.Release|x64.Build.0 = Release|x64
		{A3455C64-2CD0-35EF-AAC5-BE2C058FC134}.MinSizeRel|x64.ActiveCfg = MinSizeRel|x64
		{A3455C64-2CD0-35EF-AAC5-BE2C058FC134}.MinSizeRel|x64.Build.0 = MinSizeRel|x64
		{A3455C64-2CD0-35EF-AAC5-BE2C058FC134}.RelWithDebInfo|x64.ActiveCfg = RelWithDebInfo|x64
		{A3455C64-2CD0-35EF-AAC5-BE2C058FC134}.RelWithDebInfo|x64.Build.0 = RelWithDebInfo|x64
		{04C2E42A-9221-3C2B-9DC4-F608CDCE1E93}.Debug|x64.ActiveCfg = Debug|x64
		{04C2E42A-9221-3C2B-9DC4-F608CDCE1E93}.Debug|x64.Build.0 = Debug|x64
		{04C2E42A-9221-3C2B-9DC4-F608CDCE1E93}.Release|x64.ActiveCfg = Release|x64
		{04C2E42A-9221-3C2B-9DC4-F608CDCE1E93}.Release|x64.Build.0 = Release|x64
		{04C2E42A-9221-3C2B-9DC4-F608CDCE1E93}.MinSizeRel|x64.ActiveCfg = MinSizeRel|x64
		{04C2E42A-9221-3C2B-9DC4-F608CDCE1E93}.MinSizeRel|x64.Build.0 = MinSizeRel|x64
		{04C2E42A-9221-3C2B-9DC4-F608CDCE1E93}.RelWithDebInfo|x64.ActiveCfg = RelWithDebInfo|x64
		{04C2E42A-9221-3C2B-9DC4-F608CDCE1E93}.RelWithDebInfo|x64.Build.0 = RelWithDebInfo|x64
		{E03B7EF2-4B1A-3CB9-BAD2-0497FBDFE5F0}.Debug|x64.ActiveCfg = Debug|x64
		{E03B7EF2-4B1A-3CB9-BAD2-0497FBDFE5F0}.Debug|x64.Build.0 = Debug|x64
		{E03B7EF2-4B1A-3CB9-BAD2-0497FBDFE5F0}.Release|x64.ActiveCfg = Release|x64
		{E03B7EF2-4B1A-3CB9-BAD2-0497FBDFE5F0}.Release|x64.Build.0 = Release|x64
		{E03B7EF2-4B1A-3CB9-BAD2-0497FBDFE5F0}.MinSizeRel|x64.ActiveCfg = MinSizeRel|x64
		{E03B7EF2-4B1A-3CB9-BAD2-0497FBDFE5F0}.MinSizeRel|x64.Build.0 = MinSizeRel|x64
		{E03B7EF2-4B1A-3CB9-BAD2-0497FBDFE5F0}.RelWithDebInfo|x64.ActiveCfg = RelWithDebInfo|x64
		{E03B7EF2-4B1A-3CB9-BAD2-0497FBDFE5F0}.RelWithDebInfo|x64.Build.0 = RelWithDebInfo|x64
		{07BEA4E0-48F3-3342-B4BB-2E3203E90F73}.Debug|x64.ActiveCfg = Debug|x64
		{07BEA4E0-48F3-3342-B4BB-2E3203E90F73}.Debug|x64.Build.0 = Debug|x64
		{07BEA4E0-48F3-3342-B4BB-2E3203E90F73}.Release|x64.ActiveCfg = Release|x64
		{07BEA4E0-48F3-3342-B4BB-2E3203E90F73}.Release|x64.Build.0 = Release|x64
		{07BEA4E0-48F3-3342-B4BB-2E3203E90F73}.MinSizeRel|x64.ActiveCfg = MinSizeRel|x64
		{07BEA4E0-48F3-3342-B4BB-2E3203E90F73}.MinSizeRel|x64.Build.0 = MinSizeRel|x64
		{07BEA4E0-48F3-3342-B4BB-2E3203E90F73}.RelWithDebInfo|x64.ActiveCfg = RelWithDebInfo|x64
		{07BEA4E0-48F3-3342-B4BB-2E3203E90F73}.RelWithDebInfo|x64.Build.0 = RelWithDebInfo|x64
		{0E4B06C0-8C79-3723-B1F6-3A0DEDAC200C}.Debug|x64.ActiveCfg = Debug|x64
		{0E4B06C0-8C79-3723-B1F6-3A0DEDAC200C}.Debug|x64.Build.0 = Debug|x64
		{0E4B06C0-8C79-3723-B1F6-3A0DEDAC200C}.Release|x64.ActiveCfg = Release|x64
		{0E4B06C0-8C79-3723-B1F6-3A0DEDAC200C}.Release|x64.Build.0 = Release|x64
		{0E4B06C0-8C79-3723-B1F6-3A0DEDAC200C}.MinSizeRel|x64.ActiveCfg = MinSizeRel|x64
		{0E4B06C0-8C79-3723-B1F6-3A0DEDAC200C}.MinSizeRel|x64.Build.0 = MinSizeRel|x64
		{0E4B06C0-8C79-3723-B1F6-3A0DEDAC200C}.RelWithDebInfo|x64.ActiveCfg = RelWithDebInfo|x64
		{0E4B06C0-8C79-3723-B1F6-3A0DEDAC200C}.RelWithDebInfo|x64.Build.0 = RelWithDebInfo|x64
	EndGlobalSection
	GlobalSection(ExtensibilityGlobals) = postSolution
		SolutionGuid = {75D44353-284F-322D-83AC-681BC0C54D36}
	EndGlobalSection
	GlobalSection(ExtensibilityAddIns) = postSolution
	EndGlobalSection
EndGlobal
