<?xml version="1.0" encoding="utf-8"?>
<Project ToolsVersion="17.0" xmlns="http://schemas.microsoft.com/developer/msbuild/2003">
  <ItemGroup>
    <CustomBuild Include="C:\Users\cooln\Downloads\Vidcrypt-main\Vidcrypt-main\build_gpu2\CMakeFiles\33a769afac60e890f42556f95cd7d019\generate.stamp.rule">
      <Filter>CMake Rules</Filter>
    </CustomBuild>
  </ItemGroup>
  <ItemGroup>
    <Filter Include="CMake Rules">
      <UniqueIdentifier>{74143CB5-34A2-3D16-B018-2C3440A22581}</UniqueIdentifier>
    </Filter>
  </ItemGroup>
</Project>
